
Microsoft Visual Studio Solution File, Format Version 12.00
# Visual Studio Version 17
VisualStudioVersion = 17.7.34031.279
MinimumVisualStudioVersion = 10.0.40219.1
Project("{FAE04EC0-301F-11D3-BF4B-00C04F79EFBC}") = "Monsterkampf_Kevin", "Monsterkampf_Kevin.csproj", "{7CB4AC25-A78A-4C5B-97CA-8C1C91169129}"
EndProject
Global
	GlobalSection(SolutionConfigurationPlatforms) = preSolution
		Debug|Any CPU = Debug|Any CPU
		Release|Any CPU = Release|Any CPU
	EndGlobalSection
	GlobalSection(ProjectConfigurationPlatforms) = postSolution
		{7CB4AC25-A78A-4C5B-97CA-8C1C91169129}.Debug|Any CPU.ActiveCfg = Debug|Any CPU
		{7CB4AC25-A78A-4C5B-97CA-8C1C91169129}.Debug|Any CPU.Build.0 = Debug|Any CPU
		{7CB4AC25-A78A-4C5B-97CA-8C1C91169129}.Release|Any CPU.ActiveCfg = Release|Any CPU
		{7CB4AC25-A78A-4C5B-97CA-8C1C91169129}.Release|Any CPU.Build.0 = Release|Any CPU
	EndGlobalSection
	GlobalSection(SolutionProperties) = preSolution
		HideSolutionNode = FALSE
	EndGlobalSection
	GlobalSection(ExtensibilityGlobals) = postSolution
		SolutionGuid = {AC2D57EC-6B94-4FEB-9EC0-4E346D408946}
	EndGlobalSection
EndGlobal
